dependencies:
- name: katalyst-webhook
  repository: file://../webhook
  version: 0.5.0
- name: katalyst-controller
  repository: file://../controller
  version: 0.5.0
- name: katalyst-agent
  repository: file://../agent
  version: 0.5.0
- name: katalyst-scheduler
  repository: file://../scheduler
  version: 0.5.0
digest: sha256:dfbfe1ffc6e560bbed6ce62c133026cf03abfa5c18668c8485a6846f52be558e
generated: "2024-04-29T15:20:56.974959+08:00"
